{
  "name": "sketch-image-downloader",
  "version": "1.0.0",
  "lockfileVersion": 1,
  "requires": true,
  "dependencies": {
    "@skpm/fs": {
      "version": "0.2.5",
      "resolved": "https://registry.npmjs.org/@skpm/fs/-/fs-0.2.5.tgz",
      "integrity": "sha512-zyIwsSQwmdVYZPi1frUUkXfm6pYleulNFKxGDrMFAVHAerUMMBxVdbJsLd1xh1PFHKh505vUr7yTzgXlQXv0Xw=="
    }
  }
}
